
Microsoft Visual Studio Solution File, Format Version 12.00
# Visual Studio Version 16
VisualStudioVersion = 16.0.31025.194
MinimumVisualStudioVersion = 10.0.40219.1
Project("{FAE04EC0-301F-11D3-BF4B-00C04F79EFBC}") = "Asp.NetCoreBestPractices.API", "Asp.NetCoreBestPractices.API\Asp.NetCoreBestPractices.API.csproj", "{618646D3-BF80-4E5B-A7B2-839B8DFD893B}"
EndProject
Global
	GlobalSection(SolutionConfigurationPlatforms) = preSolution
		Debug|Any CPU = Debug|Any CPU
		Release|Any CPU = Release|Any CPU
	EndGlobalSection
	GlobalSection(ProjectConfigurationPlatforms) = postSolution
		{618646D3-BF80-4E5B-A7B2-839B8DFD893B}.Debug|Any CPU.ActiveCfg = Debug|Any CPU
		{618646D3-BF80-4E5B-A7B2-839B8DFD893B}.Debug|Any CPU.Build.0 = Debug|Any CPU
		{618646D3-BF80-4E5B-A7B2-839B8DFD893B}.Release|Any CPU.ActiveCfg = Release|Any CPU
		{618646D3-BF80-4E5B-A7B2-839B8DFD893B}.Release|Any CPU.Build.0 = Release|Any CPU
	EndGlobalSection
	GlobalSection(SolutionProperties) = preSolution
		HideSolutionNode = FALSE
	EndGlobalSection
	GlobalSection(ExtensibilityGlobals) = postSolution
		SolutionGuid = {5242DA8C-CEF4-46D0-9F1D-E91D128A66FC}
	EndGlobalSection
EndGlobal
